// !$*UTF8*$!
{
	archiveVersion = 1;
	classes = {
	};
	objectVersion = 55;
	objects = {

/* Begin PBXBuildFile section */
		2055B492280EC9030003F41C /* AppDelegate.swift in Sources */ = {isa = PBXBuildFile; fileRef = 2055B491280EC9030003F41C /* AppDelegate.swift */; };
		2055B494280EC9030003F41C /* SceneDelegate.swift in Sources */ = {isa = PBXBuildFile; fileRef = 2055B493280EC9030003F41C /* SceneDelegate.swift */; };
		2055B496280EC9030003F41C /* ViewController.swift in Sources */ = {isa = PBXBuildFile; fileRef = 2055B495280EC9030003F41C /* ViewController.swift */; };
		2055B499280EC9030003F41C /* Main.storyboard in Resources */ = {isa = PBXBuildFile; fileRef = 2055B497280EC9030003F41C /* Main.storyboard */; };
		2055B49B280EC9050003F41C /* Assets.xcassets in Resources */ = {isa = PBXBuildFile; fileRef = 2055B49A280EC9050003F41C /* Assets.xcassets */; };
		2055B49E280EC9050003F41C /* LaunchScreen.storyboard in Resources */ = {isa = PBXBuildFile; fileRef = 2055B49C280EC9050003F41C /* LaunchScreen.storyboard */; };
		5B0092B72205C57E1D1D921E /* Pods_testCICD.framework in Frameworks */ = {isa = PBXBuildFile; fileRef = 5B49A1E602A62947C12AE1A2 /* Pods_testCICD.framework */; };
/* End PBXBuildFile section */

/* Begin PBXFileReference section */
		2055B48E280EC9030003F41C /* testCICD.app */ = {isa = PBXFileReference; explicitFileType = wrapper.application; includeInIndex = 0; path = testCICD.app; sourceTree = BUILT_PRODUCTS_DIR; };
		2055B491280EC9030003F41C /* AppDelegate.swift */ = {isa = PBXFileReference; lastKnownFileType = sourcecode.swift; path = AppDelegate.swift; sourceTree = "<group>"; };
		2055B493280EC9030003F41C /* SceneDelegate.swift */ = {isa = PBXFileReference; lastKnownFileType = sourcecode.swift; path = SceneDelegate.swift; sourceTree = "<group>"; };
		2055B495280EC9030003F41C /* ViewController.swift */ = {isa = PBXFileReference; lastKnownFileType = sourcecode.swift; path = ViewController.swift; sourceTree = "<group>"; };
		2055B498280EC9030003F41C /* Base */ = {isa = PBXFileReference; lastKnownFileType = file.storyboard; name = Base; path = Base.lproj/Main.storyboard; sourceTree = "<group>"; };
		2055B49A280EC9050003F41C /* Assets.xcassets */ = {isa = PBXFileReference; lastKnownFileType = folder.assetcatalog; path = Assets.xcassets; sourceTree = "<group>"; };
		2055B49D280EC9050003F41C /* Base */ = {isa = PBXFileReference; lastKnownFileType = file.storyboard; name = Base; path = Base.lproj/LaunchScreen.storyboard; sourceTree = "<group>"; };
		2055B49F280EC9050003F41C /* Info.plist */ = {isa = PBXFileReference; lastKnownFileType = text.plist.xml; path = Info.plist; sourceTree = "<group>"; };
		5B49A1E602A62947C12AE1A2 /* Pods_testCICD.framework */ = {isa = PBXFileReference; explicitFileType = wrapper.framework; includeInIndex = 0; path = Pods_testCICD.framework; sourceTree = BUILT_PRODUCTS_DIR; };
		F5CAB770EDF8F992952A9639 /* Pods-testCICD.debug.xcconfig */ = {isa = PBXFileReference; includeInIndex = 1; lastKnownFileType = text.xcconfig; name = "Pods-testCICD.debug.xcconfig"; path = "Target Support Files/Pods-testCICD/Pods-testCICD.debug.xcconfig"; sourceTree = "<group>"; };
		FBF830A06DE1792F259892CC /* Pods-testCICD.release.xcconfig */ = {isa = PBXFileReference; includeInIndex = 1; lastKnownFileType = text.xcconfig; name = "Pods-testCICD.release.xcconfig"; path = "Target Support Files/Pods-testCICD/Pods-testCICD.release.xcconfig"; sourceTree = "<group>"; };
/* End PBXFileReference section */

/* Begin PBXFrameworksBuildPhase section */
		2055B48B280EC9030003F41C /* Frameworks */ = {
			isa = PBXFrameworksBuildPhase;
			buildActionMask = 2147483647;
			files = (
				5B0092B72205C57E1D1D921E /* Pods_testCICD.framework in Frameworks */,
			);
			runOnlyForDeploymentPostprocessing = 0;
		};
/* End PBXFrameworksBuildPhase section */

/* Begin PBXGroup section */
		2055B485280EC9030003F41C = {
			isa = PBXGroup;
			children = (
				2055B490280EC9030003F41C /* testCICD */,
				2055B48F280EC9030003F41C /* Products */,
				F9C60516ED47F5C08271F046 /* Pods */,
				E726B50FC21AD4EAA099F82D /* Frameworks */,
			);
			sourceTree = "<group>";
		};
		2055B48F280EC9030003F41C /* Products */ = {
			isa = PBXGroup;
			children = (
				2055B48E280EC9030003F41C /* testCICD.app */,
			);
			name = Products;
			sourceTree = "<group>";
		};
		2055B490280EC9030003F41C /* testCICD */ = {
			isa = PBXGroup;
			children = (
				2055B491280EC9030003F41C /* AppDelegate.swift */,
				2055B493280EC9030003F41C /* SceneDelegate.swift */,
				2055B495280EC9030003F41C /* ViewController.swift */,
				2055B497280EC9030003F41C /* Main.storyboard */,
				2055B49A280EC9050003F41C /* Assets.xcassets */,
				2055B49C280EC9050003F41C /* LaunchScreen.storyboard */,
				2055B49F280EC9050003F41C /* Info.plist */,
			);
			path = testCICD;
			sourceTree = "<group>";
		};
		E726B50FC21AD4EAA099F82D /* Frameworks */ = {
			isa = PBXGroup;
			children = (
				5B49A1E602A62947C12AE1A2 /* Pods_testCICD.framework */,
			);
			name = Frameworks;
			sourceTree = "<group>";
		};
		F9C60516ED47F5C08271F046 /* Pods */ = {
			isa = PBXGroup;
			children = (
				F5CAB770EDF8F992952A9639 /* Pods-testCICD.debug.xcconfig */,
				FBF830A06DE1792F259892CC /* Pods-testCICD.release.xcconfig */,
			);
			name = Pods;
			path = Pods;
			sourceTree = "<group>";
		};
/* End PBXGroup section */

/* Begin PBXNativeTarget section */
		2055B48D280EC9030003F41C /* testCICD */ = {
			isa = PBXNativeTarget;
			buildConfigurationList = 2055B4A2280EC9050003F41C /* Build configuration list for PBXNativeTarget "testCICD" */;
			buildPhases = (
				B728921E7E908B828A209EB4 /* [CP] Check Pods Manifest.lock */,
				2055B48A280EC9030003F41C /* Sources */,
				2055B48B280EC9030003F41C /* Frameworks */,
				2055B48C280EC9030003F41C /* Resources */,
			);
			buildRules = (
			);
			dependencies = (
			);
			name = testCICD;
			productName = testCICD;
			productReference = 2055B48E280EC9030003F41C /* testCICD.app */;
			productType = "com.apple.product-type.application";
		};
/* End PBXNativeTarget section */

/* Begin PBXProject section */
		2055B486280EC9030003F41C /* Project object */ = {
			isa = PBXProject;
			attributes = {
				BuildIndependentTargetsInParallel = 1;
				LastSwiftUpdateCheck = 1330;
				LastUpgradeCheck = 1330;
				TargetAttributes = {
					2055B48D280EC9030003F41C = {
						CreatedOnToolsVersion = 13.3.1;
					};
				};
			};
			buildConfigurationList = 2055B489280EC9030003F41C /* Build configuration list for PBXProject "testCICD" */;
			compatibilityVersion = "Xcode 13.0";
			developmentRegion = en;
			hasScannedForEncodings = 0;
			knownRegions = (
				en,
				Base,
			);
			mainGroup = 2055B485280EC9030003F41C;
			productRefGroup = 2055B48F280EC9030003F41C /* Products */;
			projectDirPath = "";
			projectRoot = "";
			targets = (
				2055B48D280EC9030003F41C /* testCICD */,
			);
		};
/* End PBXProject section */

/* Begin PBXResourcesBuildPhase section */
		2055B48C280EC9030003F41C /* Resources */ = {
			isa = PBXResourcesBuildPhase;
			buildActionMask = 2147483647;
			files = (
				2055B49E280EC9050003F41C /* LaunchScreen.storyboard in Resources */,
				2055B49B280EC9050003F41C /* Assets.xcassets in Resources */,
				2055B499280EC9030003F41C /* Main.storyboard in Resources */,
			);
			runOnlyForDeploymentPostprocessing = 0;
		};
/* End PBXResourcesBuildPhase section */

/* Begin PBXShellScriptBuildPhase section */
		B728921E7E908B828A209EB4 /* [CP] Check Pods Manifest.lock */ = {
			isa = PBXShellScriptBuildPhase;
			buildActionMask = 2147483647;
			files = (
			);
			inputFileListPaths = (
			);
			inputPaths = (
				"${PODS_PODFILE_DIR_PATH}/Podfile.lock",
				"${PODS_ROOT}/Manifest.lock",
			);
			name = "[CP] Check Pods Manifest.lock";
			outputFileListPaths = (
			);
			outputPaths = (
				"$(DERIVED_FILE_DIR)/Pods-testCICD-checkManifestLockResult.txt",
			);
			runOnlyForDeploymentPostprocessing = 0;
			shellPath = /bin/sh;
			shellScript = "diff \"${PODS_PODFILE_DIR_PATH}/Podfile.lock\" \"${PODS_ROOT}/Manifest.lock\" > /dev/null\nif [ $? != 0 ] ; then\n    # print error to STDERR\n    echo \"error: The sandbox is not in sync with the Podfile.lock. Run 'pod install' or update your CocoaPods installation.\" >&2\n    exit 1\nfi\n# This output is used by Xcode 'outputs' to avoid re-running this script phase.\necho \"SUCCESS\" > \"${SCRIPT_OUTPUT_FILE_0}\"\n";
			showEnvVarsInLog = 0;
		};
/* End PBXShellScriptBuildPhase section */

/* Begin PBXSourcesBuildPhase section */
		2055B48A280EC9030003F41C /* Sources */ = {
			isa = PBXSourcesBuildPhase;
			buildActionMask = 2147483647;
			files = (
				2055B496280EC9030003F41C /* ViewController.swift in Sources */,
				2055B492280EC9030003F41C /* AppDelegate.swift in Sources */,
				2055B494280EC9030003F41C /* SceneDelegate.swift in Sources */,
			);
			runOnlyForDeploymentPostprocessing = 0;
		};
/* End PBXSourcesBuildPhase section */

/* Begin PBXVariantGroup section */
		2055B497280EC9030003F41C /* Main.storyboard */ = {
			isa = PBXVariantGroup;
			children = (
				2055B498280EC9030003F41C /* Base */,
			);
			name = Main.storyboard;
			sourceTree = "<group>";
		};
		2055B49C280EC9050003F41C /* LaunchScreen.storyboard */ = {
			isa = PBXVariantGroup;
			children = (
				2055B49D280EC9050003F41C /* Base */,
			);
			name = LaunchScreen.storyboard;
			sourceTree = "<group>";
		};
/* End PBXVariantGroup section */

/* Begin XCBuildConfiguration section */
		2055B4A0280EC9050003F41C /* Debug */ = {
			isa = XCBuildConfiguration;
			buildSettings = {
				ALWAYS_SEARCH_USER_PATHS = NO;
				CLANG_ANALYZER_NONNULL = YES;
				CLANG_ANALYZER_NUMBER_OBJECT_CONVERSION = YES_AGGRESSIVE;
				CLANG_CXX_LANGUAGE_STANDARD = "gnu++17";
				CLANG_ENABLE_MODULES = YES;
				CLANG_ENABLE_OBJC_ARC = YES;
				CLANG_ENABLE_OBJC_WEAK = YES;
				CLANG_WARN_BLOCK_CAPTURE_AUTORELEASING = YES;
				CLANG_WARN_BOOL_CONVERSION = YES;
				CLANG_WARN_COMMA = YES;
				CLANG_WARN_CONSTANT_CONVERSION = YES;
				CLANG_WARN_DEPRECATED_OBJC_IMPLEMENTATIONS = YES;
				CLANG_WARN_DIRECT_OBJC_ISA_USAGE = YES_ERROR;
				CLANG_WARN_DOCUMENTATION_COMMENTS = YES;
				CLANG_WARN_EMPTY_BODY = YES;
				CLANG_WARN_ENUM_CONVERSION = YES;
				CLANG_WARN_INFINITE_RECURSION = YES;
				CLANG_WARN_INT_CONVERSION = YES;
				CLANG_WARN_NON_LITERAL_NULL_CONVERSION = YES;
				CLANG_WARN_OBJC_IMPLICIT_RETAIN_SELF = YES;
				CLANG_WARN_OBJC_LITERAL_CONVERSION = YES;
				CLANG_WARN_OBJC_ROOT_CLASS = YES_ERROR;
				CLANG_WARN_QUOTED_INCLUDE_IN_FRAMEWORK_HEADER = YES;
				CLANG_WARN_RANGE_LOOP_ANALYSIS = YES;
				CLANG_WARN_STRICT_PROTOTYPES = YES;
				CLANG_WARN_SUSPICIOUS_MOVE = YES;
				CLANG_WARN_UNGUARDED_AVAILABILITY = YES_AGGRESSIVE;
				CLANG_WARN_UNREACHABLE_CODE = YES;
				CLANG_WARN__DUPLICATE_METHOD_MATCH = YES;
				COPY_PHASE_STRIP = NO;
				DEBUG_INFORMATION_FORMAT = dwarf;
				ENABLE_STRICT_OBJC_MSGSEND = YES;
				ENABLE_TESTABILITY = YES;
				GCC_C_LANGUAGE_STANDARD = gnu11;
				GCC_DYNAMIC_NO_PIC = NO;
				GCC_NO_COMMON_BLOCKS = YES;
				GCC_OPTIMIZATION_LEVEL = 0;
				GCC_PREPROCESSOR_DEFINITIONS = (
					"DEBUG=1",
					"$(inherited)",
				);
				GCC_WARN_64_TO_32_BIT_CONVERSION = YES;
				GCC_WARN_ABOUT_RETURN_TYPE = YES_ERROR;
				GCC_WARN_UNDECLARED_SELECTOR = YES;
				GCC_WARN_UNINITIALIZED_AUTOS = YES_AGGRESSIVE;
				GCC_WARN_UNUSED_FUNCTION = YES;
				GCC_WARN_UNUSED_VARIABLE = YES;
				IPHONEOS_DEPLOYMENT_TARGET = 15.4;
				MTL_ENABLE_DEBUG_INFO = INCLUDE_SOURCE;
				MTL_FAST_MATH = YES;
				ONLY_ACTIVE_ARCH = YES;
				SDKROOT = iphoneos;
				SWIFT_ACTIVE_COMPILATION_CONDITIONS = DEBUG;
				SWIFT_OPTIMIZATION_LEVEL = "-Onone";
			};
			name = Debug;
		};
		2055B4A1280EC9050003F41C /* Release */ = {
			isa = XCBuildConfiguration;
			buildSettings = {
				ALWAYS_SEARCH_USER_PATHS = NO;
				CLANG_ANALYZER_NONNULL = YES;
				CLANG_ANALYZER_NUMBER_OBJECT_CONVERSION = YES_AGGRESSIVE;
				CLANG_CXX_LANGUAGE_STANDARD = "gnu++17";
				CLANG_ENABLE_MODULES = YES;
				CLANG_ENABLE_OBJC_ARC = YES;
				CLANG_ENABLE_OBJC_WEAK = YES;
				CLANG_WARN_BLOCK_CAPTURE_AUTORELEASING = YES;
				CLANG_WARN_BOOL_CONVERSION = YES;
				CLANG_WARN_COMMA = YES;
				CLANG_WARN_CONSTANT_CONVERSION = YES;
				CLANG_WARN_DEPRECATED_OBJC_IMPLEMENTATIONS = YES;
				CLANG_WARN_DIRECT_OBJC_ISA_USAGE = YES_ERROR;
				CLANG_WARN_DOCUMENTATION_COMMENTS = YES;
				CLANG_WARN_EMPTY_BODY = YES;
				CLANG_WARN_ENUM_CONVERSION = YES;
				CLANG_WARN_INFINITE_RECURSION = YES;
				CLANG_WARN_INT_CONVERSION = YES;
				CLANG_WARN_NON_LITERAL_NULL_CONVERSION = YES;
				CLANG_WARN_OBJC_IMPLICIT_RETAIN_SELF = YES;
				CLANG_WARN_OBJC_LITERAL_CONVERSION = YES;
				CLANG_WARN_OBJC_ROOT_CLASS = YES_ERROR;
				CLANG_WARN_QUOTED_INCLUDE_IN_FRAMEWORK_HEADER = YES;
				CLANG_WARN_RANGE_LOOP_ANALYSIS = YES;
				CLANG_WARN_STRICT_PROTOTYPES = YES;
				CLANG_WARN_SUSPICIOUS_MOVE = YES;
				CLANG_WARN_UNGUARDED_AVAILABILITY = YES_AGGRESSIVE;
				CLANG_WARN_UNREACHABLE_CODE = YES;
				CLANG_WARN__DUPLICATE_METHOD_MATCH = YES;
				COPY_PHASE_STRIP = NO;
				DEBUG_INFORMATION_FORMAT = "dwarf-with-dsym";
				ENABLE_NS_ASSERTIONS = NO;
				ENABLE_STRICT_OBJC_MSGSEND = YES;
				GCC_C_LANGUAGE_STANDARD = gnu11;
				GCC_NO_COMMON_BLOCKS = YES;
				GCC_WARN_64_TO_32_BIT_CONVERSION = YES;
				GCC_WARN_ABOUT_RETURN_TYPE = YES_ERROR;
				GCC_WARN_UNDECLARED_SELECTOR = YES;
				GCC_WARN_UNINITIALIZED_AUTOS = YES_AGGRESSIVE;
				GCC_WARN_UNUSED_FUNCTION = YES;
				GCC_WARN_UNUSED_VARIABLE = YES;
				IPHONEOS_DEPLOYMENT_TARGET = 15.4;
				MTL_ENABLE_DEBUG_INFO = NO;
				MTL_FAST_MATH = YES;
				SDKROOT = iphoneos;
				SWIFT_COMPILATION_MODE = wholemodule;
				SWIFT_OPTIMIZATION_LEVEL = "-O";
				VALIDATE_PRODUCT = YES;
			};
			name = Release;
		};
		2055B4A3280EC9050003F41C /* Debug */ = {
			isa = XCBuildConfiguration;
			baseConfigurationReference = F5CAB770EDF8F992952A9639 /* Pods-testCICD.debug.xcconfig */;
			buildSettings = {
				ASSETCATALOG_COMPILER_APPICON_NAME = AppIcon;
				ASSETCATALOG_COMPILER_GLOBAL_ACCENT_COLOR_NAME = AccentColor;
				CODE_SIGN_STYLE = Automatic;
				CURRENT_PROJECT_VERSION = 1;
				GENERATE_INFOPLIST_FILE = YES;
				INFOPLIST_FILE = testCICD/Info.plist;
				INFOPLIST_KEY_UIApplicationSupportsIndirectInputEvents = YES;
				INFOPLIST_KEY_UILaunchStoryboardName = LaunchScreen;
				INFOPLIST_KEY_UIMainStoryboardFile = Main;
				INFOPLIST_KEY_UISupportedInterfaceOrientations_iPad = "UIInterfaceOrientationPortrait UIInterfaceOrientationPortraitUpsideDown UIInterfaceOrientationLandscapeLeft UIInterfaceOrientationLandscapeRight";
				INFOPLIST_KEY_UISupportedInterfaceOrientations_iPhone = "UIInterfaceOrientationPortrait UIInterfaceOrientationLandscapeLeft UIInterfaceOrientationLandscapeRight";
				LD_RUNPATH_SEARCH_PATHS = (
					"$(inherited)",
					"@executable_path/Frameworks",
				);
				MARKETING_VERSION = 1.0;
				PRODUCT_BUNDLE_IDENTIFIER = com.badteam.testCICD;
				PRODUCT_NAME = "$(TARGET_NAME)";
				SWIFT_EMIT_LOC_STRINGS = YES;
				SWIFT_VERSION = 5.0;
				TARGETED_DEVICE_FAMILY = "1,2";
			};
			name = Debug;
		};
		2055B4A4280EC9050003F41C /* Release */ = {
			isa = XCBuildConfiguration;
			baseConfigurationReference = FBF830A06DE1792F259892CC /* Pods-testCICD.release.xcconfig */;
			buildSettings = {
				ASSETCATALOG_COMPILER_APPICON_NAME = AppIcon;
				ASSETCATALOG_COMPILER_GLOBAL_ACCENT_COLOR_NAME = AccentColor;
				CODE_SIGN_STYLE = Automatic;
				CURRENT_PROJECT_VERSION = 1;
				GENERATE_INFOPLIST_FILE = YES;
				INFOPLIST_FILE = testCICD/Info.plist;
				INFOPLIST_KEY_UIApplicationSupportsIndirectInputEvents = YES;
				INFOPLIST_KEY_UILaunchStoryboardName = LaunchScreen;
				INFOPLIST_KEY_UIMainStoryboardFile = Main;
				INFOPLIST_KEY_UISupportedInterfaceOrientations_iPad = "UIInterfaceOrientationPortrait UIInterfaceOrientationPortraitUpsideDown UIInterfaceOrientationLandscapeLeft UIInterfaceOrientationLandscapeRight";
				INFOPLIST_KEY_UISupportedInterfaceOrientations_iPhone = "UIInterfaceOrientationPortrait UIInterfaceOrientationLandscapeLeft UIInterfaceOrientationLandscapeRight";
				LD_RUNPATH_SEARCH_PATHS = (
					"$(inherited)",
					"@executable_path/Frameworks",
				);
				MARKETING_VERSION = 1.0;
				PRODUCT_BUNDLE_IDENTIFIER = com.badteam.testCICD;
				PRODUCT_NAME = "$(TARGET_NAME)";
				SWIFT_EMIT_LOC_STRINGS = YES;
				SWIFT_VERSION = 5.0;
				TARGETED_DEVICE_FAMILY = "1,2";
			};
			name = Release;
		};
/* End XCBuildConfiguration section */

/* Begin XCConfigurationList section */
		2055B489280EC9030003F41C /* Build configuration list for PBXProject "testCICD" */ = {
			isa = XCConfigurationList;
			buildConfigurations = (
				2055B4A0280EC9050003F41C /* Debug */,
				2055B4A1280EC9050003F41C /* Release */,
			);
			defaultConfigurationIsVisible = 0;
			defaultConfigurationName = Release;
		};
		2055B4A2280EC9050003F41C /* Build configuration list for PBXNativeTarget "testCICD" */ = {
			isa = XCConfigurationList;
			buildConfigurations = (
				2055B4A3280EC9050003F41C /* Debug */,
				2055B4A4280EC9050003F41C /* Release */,
			);
			defaultConfigurationIsVisible = 0;
			defaultConfigurationName = Release;
		};
/* End XCConfigurationList section */
	};
	rootObject = 2055B486280EC9030003F41C /* Project object */;
}
